// !$*UTF8*$!
{
	archiveVersion = 1;
	classes = {
	};
	objectVersion = 46;
	objects = {

/* Begin PBXBuildFile section */
		39B2D4501B994694006DC508 /* klogo.png in Resources */ = {isa = PBXBuildFile; fileRef = 39B2D44F1B994694006DC508 /* klogo.png */; };
		B70D0ED51B9B725000D8A10D /* registration.xib in Resources */ = {isa = PBXBuildFile; fileRef = B70D0ED41B9B725000D8A10D /* registration.xib */; };
		B70D0ED81B9B76F900D8A10D /* Failure.png in Resources */ = {isa = PBXBuildFile; fileRef = B70D0ED61B9B76F900D8A10D /* Failure.png */; };
		B70D0ED91B9B76F900D8A10D /* Failure@2x.png in Resources */ = {isa = PBXBuildFile; fileRef = B70D0ED71B9B76F900D8A10D /* Failure@2x.png */; };
		B70D0EDF1B9B79BC00D8A10D /* firends.storyboard in Resources */ = {isa = PBXBuildFile; fileRef = B70D0EDE1B9B79BC00D8A10D /* firends.storyboard */; };
		B70D0EE11B9B828E00D8A10D /* account.storyboard in Resources */ = {isa = PBXBuildFile; fileRef = B70D0EE01B9B828E00D8A10D /* account.storyboard */; };
		B745DF841B9BFA4C00C5EB76 /* request.storyboard in Resources */ = {isa = PBXBuildFile; fileRef = B745DF831B9BFA4C00C5EB76 /* request.storyboard */; };
		B745DF861B9BFC8300C5EB76 /* menu.storyboard in Resources */ = {isa = PBXBuildFile; fileRef = B745DF851B9BFC8300C5EB76 /* menu.storyboard */; };
		B7ADD63F1B96435C007496CF /* registratin.storyboard in Resources */ = {isa = PBXBuildFile; fileRef = B7ADD63E1B96435C007496CF /* registratin.storyboard */; };
		B7B7DD421B95C68D00955D1F /* main.m in Sources */ = {isa = PBXBuildFile; fileRef = B7B7DD411B95C68D00955D1F /* main.m */; };
		B7B7DD451B95C68D00955D1F /* AppDelegate.m in Sources */ = {isa = PBXBuildFile; fileRef = B7B7DD441B95C68D00955D1F /* AppDelegate.m */; };
		B7B7DD481B95C68D00955D1F /* Kip_Up.xcdatamodeld in Sources */ = {isa = PBXBuildFile; fileRef = B7B7DD461B95C68D00955D1F /* Kip_Up.xcdatamodeld */; };
		B7B7DD4B1B95C68D00955D1F /* ViewController.m in Sources */ = {isa = PBXBuildFile; fileRef = B7B7DD4A1B95C68D00955D1F /* ViewController.m */; };
		B7B7DD4E1B95C68D00955D1F /* Main.storyboard in Resources */ = {isa = PBXBuildFile; fileRef = B7B7DD4C1B95C68D00955D1F /* Main.storyboard */; };
		B7B7DD501B95C68D00955D1F /* Images.xcassets in Resources */ = {isa = PBXBuildFile; fileRef = B7B7DD4F1B95C68D00955D1F /* Images.xcassets */; };
		B7B7DD531B95C68D00955D1F /* LaunchScreen.xib in Resources */ = {isa = PBXBuildFile; fileRef = B7B7DD511B95C68D00955D1F /* LaunchScreen.xib */; };
		B7B7DD5F1B95C68D00955D1F /* Kip_UpTests.m in Sources */ = {isa = PBXBuildFile; fileRef = B7B7DD5E1B95C68D00955D1F /* Kip_UpTests.m */; };
		B7BD6F941B98977E009C338E /* phonenumber.storyboard in Resources */ = {isa = PBXBuildFile; fileRef = B7BD6F931B98977E009C338E /* phonenumber.storyboard */; };
		B7BD6F961B989890009C338E /* confirm.storyboard in Resources */ = {isa = PBXBuildFile; fileRef = B7BD6F951B989890009C338E /* confirm.storyboard */; };
/* End PBXBuildFile section */

/* Begin PBXContainerItemProxy section */
		B7B7DD591B95C68D00955D1F /* PBXContainerItemProxy */ = {
			isa = PBXContainerItemProxy;
			containerPortal = B7B7DD341B95C68D00955D1F /* Project object */;
			proxyType = 1;
			remoteGlobalIDString = B7B7DD3B1B95C68D00955D1F;
			remoteInfo = "Kip Up";
		};
/* End PBXContainerItemProxy section */

/* Begin PBXFileReference section */
		39B2D44F1B994694006DC508 /* klogo.png */ = {isa = PBXFileReference; lastKnownFileType = image.png; name = klogo.png; path = ../klogo.png; sourceTree = "<group>"; };
		B70D0ED31B9B70D500D8A10D /* registration.h */ = {isa = PBXFileReference; lastKnownFileType = sourcecode.c.h; name = registration.h; path = ../registration.h; sourceTree = "<group>"; };
		B70D0ED41B9B725000D8A10D /* registration.xib */ = {isa = PBXFileReference; fileEncoding = 4; lastKnownFileType = file.xib; path = registration.xib; sourceTree = "<group>"; };
		B70D0ED61B9B76F900D8A10D /* Failure.png */ = {isa = PBXFileReference; lastKnownFileType = image.png; path = Failure.png; sourceTree = "<group>"; };
		B70D0ED71B9B76F900D8A10D /* Failure@2x.png */ = {isa = PBXFileReference; lastKnownFileType = image.png; path = "Failure@2x.png"; sourceTree = "<group>"; };
		B70D0EDE1B9B79BC00D8A10D /* firends.storyboard */ = {isa = PBXFileReference; fileEncoding = 4; lastKnownFileType = file.storyboard; name = firends.storyboard; path = ../firends.storyboard; sourceTree = "<group>"; };
		B70D0EE01B9B828E00D8A10D /* account.storyboard */ = {isa = PBXFileReference; fileEncoding = 4; lastKnownFileType = file.storyboard; name = account.storyboard; path = ../account.storyboard; sourceTree = "<group>"; };
		B745DF831B9BFA4C00C5EB76 /* request.storyboard */ = {isa = PBXFileReference; fileEncoding = 4; lastKnownFileType = file.storyboard; path = request.storyboard; sourceTree = "<group>"; };
		B745DF851B9BFC8300C5EB76 /* menu.storyboard */ = {isa = PBXFileReference; fileEncoding = 4; lastKnownFileType = file.storyboard; name = menu.storyboard; path = ../menu.storyboard; sourceTree = "<group>"; };
		B7ADD63E1B96435C007496CF /* registratin.storyboard */ = {isa = PBXFileReference; fileEncoding = 4; lastKnownFileType = file.storyboard; path = registratin.storyboard; sourceTree = "<group>"; };
		B7B7DD3C1B95C68D00955D1F /* Kip Up.app */ = {isa = PBXFileReference; explicitFileType = wrapper.application; includeInIndex = 0; path = "Kip Up.app"; sourceTree = BUILT_PRODUCTS_DIR; };
		B7B7DD401B95C68D00955D1F /* Info.plist */ = {isa = PBXFileReference; lastKnownFileType = text.plist.xml; path = Info.plist; sourceTree = "<group>"; };
		B7B7DD411B95C68D00955D1F /* main.m */ = {isa = PBXFileReference; lastKnownFileType = sourcecode.c.objc; path = main.m; sourceTree = "<group>"; };
		B7B7DD431B95C68D00955D1F /* AppDelegate.h */ = {isa = PBXFileReference; lastKnownFileType = sourcecode.c.h; path = AppDelegate.h; sourceTree = "<group>"; };
		B7B7DD441B95C68D00955D1F /* AppDelegate.m */ = {isa = PBXFileReference; lastKnownFileType = sourcecode.c.objc; path = AppDelegate.m; sourceTree = "<group>"; };
		B7B7DD471B95C68D00955D1F /* Kip_Up.xcdatamodel */ = {isa = PBXFileReference; lastKnownFileType = wrapper.xcdatamodel; path = Kip_Up.xcdatamodel; sourceTree = "<group>"; };
		B7B7DD491B95C68D00955D1F /* ViewController.h */ = {isa = PBXFileReference; lastKnownFileType = sourcecode.c.h; path = ViewController.h; sourceTree = "<group>"; };
		B7B7DD4A1B95C68D00955D1F /* ViewController.m */ = {isa = PBXFileReference; lastKnownFileType = sourcecode.c.objc; path = ViewController.m; sourceTree = "<group>"; };
		B7B7DD4D1B95C68D00955D1F /* Base */ = {isa = PBXFileReference; lastKnownFileType = file.storyboard; name = Base; path = Base.lproj/Main.storyboard; sourceTree = "<group>"; };
		B7B7DD4F1B95C68D00955D1F /* Images.xcassets */ = {isa = PBXFileReference; lastKnownFileType = folder.assetcatalog; path = Images.xcassets; sourceTree = "<group>"; };
		B7B7DD521B95C68D00955D1F /* Base */ = {isa = PBXFileReference; lastKnownFileType = file.xib; name = Base; path = Base.lproj/LaunchScreen.xib; sourceTree = "<group>"; };
		B7B7DD581B95C68D00955D1F /* Kip UpTests.xctest */ = {isa = PBXFileReference; explicitFileType = wrapper.cfbundle; includeInIndex = 0; path = "Kip UpTests.xctest"; sourceTree = BUILT_PRODUCTS_DIR; };
		B7B7DD5D1B95C68D00955D1F /* Info.plist */ = {isa = PBXFileReference; lastKnownFileType = text.plist.xml; path = Info.plist; sourceTree = "<group>"; };
		B7B7DD5E1B95C68D00955D1F /* Kip_UpTests.m */ = {isa = PBXFileReference; lastKnownFileType = sourcecode.c.objc; path = Kip_UpTests.m; sourceTree = "<group>"; };
		B7BD6F931B98977E009C338E /* phonenumber.storyboard */ = {isa = PBXFileReference; fileEncoding = 4; lastKnownFileType = file.storyboard; name = phonenumber.storyboard; path = ../phonenumber.storyboard; sourceTree = "<group>"; };
		B7BD6F951B989890009C338E /* confirm.storyboard */ = {isa = PBXFileReference; fileEncoding = 4; lastKnownFileType = file.storyboard; name = confirm.storyboard; path = ../confirm.storyboard; sourceTree = "<group>"; };
/* End PBXFileReference section */

/* Begin PBXFrameworksBuildPhase section */
		B7B7DD391B95C68D00955D1F /* Frameworks */ = {
			isa = PBXFrameworksBuildPhase;
			buildActionMask = 2147483647;
			files = (
			);
			runOnlyForDeploymentPostprocessing = 0;
		};
		B7B7DD551B95C68D00955D1F /* Frameworks */ = {
			isa = PBXFrameworksBuildPhase;
			buildActionMask = 2147483647;
			files = (
			);
			runOnlyForDeploymentPostprocessing = 0;
		};
/* End PBXFrameworksBuildPhase section */

/* Begin PBXGroup section */
		B70D0ED01B9B701200D8A10D /* registration */ = {
			isa = PBXGroup;
			children = (
				B7ADD63E1B96435C007496CF /* registratin.storyboard */,
				B70D0ED31B9B70D500D8A10D /* registration.h */,
				B70D0ED41B9B725000D8A10D /* registration.xib */,
				B7BD6F931B98977E009C338E /* phonenumber.storyboard */,
				B7BD6F951B989890009C338E /* confirm.storyboard */,
			);
			name = registration;
			sourceTree = "<group>";
		};
		B7B7DD331B95C68D00955D1F = {
			isa = PBXGroup;
			children = (
				B7B7DD3E1B95C68D00955D1F /* Kip Up */,
				B7B7DD5B1B95C68D00955D1F /* Kip UpTests */,
				B7B7DD3D1B95C68D00955D1F /* Products */,
			);
			sourceTree = "<group>";
		};
		B7B7DD3D1B95C68D00955D1F /* Products */ = {
			isa = PBXGroup;
			children = (
				B7B7DD3C1B95C68D00955D1F /* Kip Up.app */,
				B7B7DD581B95C68D00955D1F /* Kip UpTests.xctest */,
			);
			name = Products;
			sourceTree = "<group>";
		};
		B7B7DD3E1B95C68D00955D1F /* Kip Up */ = {
			isa = PBXGroup;
			children = (
				B7B7DD431B95C68D00955D1F /* AppDelegate.h */,
				B7B7DD441B95C68D00955D1F /* AppDelegate.m */,
				B7B7DD491B95C68D00955D1F /* ViewController.h */,
				B7B7DD4A1B95C68D00955D1F /* ViewController.m */,
				B7B7DD4C1B95C68D00955D1F /* Main.storyboard */,
				B7B7DD4F1B95C68D00955D1F /* Images.xcassets */,
				39B2D44F1B994694006DC508 /* klogo.png */,
				B70D0ED61B9B76F900D8A10D /* Failure.png */,
				B70D0ED71B9B76F900D8A10D /* Failure@2x.png */,
				B7B7DD511B95C68D00955D1F /* LaunchScreen.xib */,
				B7B7DD461B95C68D00955D1F /* Kip_Up.xcdatamodeld */,
				B7B7DD3F1B95C68D00955D1F /* Supporting Files */,
			);
			path = "Kip Up";
			sourceTree = "<group>";
		};
		B7B7DD3F1B95C68D00955D1F /* Supporting Files */ = {
			isa = PBXGroup;
			children = (
				B70D0ED01B9B701200D8A10D /* registration */,
				B7C30D191B9D5A0A000D4FDB /* application ui */,
				B7B7DD401B95C68D00955D1F /* Info.plist */,
				B7B7DD411B95C68D00955D1F /* main.m */,
			);
			name = "Supporting Files";
			sourceTree = "<group>";
		};
		B7B7DD5B1B95C68D00955D1F /* Kip UpTests */ = {
			isa = PBXGroup;
			children = (
				B7B7DD5E1B95C68D00955D1F /* Kip_UpTests.m */,
				B7B7DD5C1B95C68D00955D1F /* Supporting Files */,
			);
			path = "Kip UpTests";
			sourceTree = "<group>";
		};
		B7B7DD5C1B95C68D00955D1F /* Supporting Files */ = {
			isa = PBXGroup;
			children = (
				B7B7DD5D1B95C68D00955D1F /* Info.plist */,
			);
			name = "Supporting Files";
			sourceTree = "<group>";
		};
		B7C30D191B9D5A0A000D4FDB /* application ui */ = {
			isa = PBXGroup;
			children = (
				B70D0EDE1B9B79BC00D8A10D /* firends.storyboard */,
				B745DF851B9BFC8300C5EB76 /* menu.storyboard */,
				B745DF831B9BFA4C00C5EB76 /* request.storyboard */,
				B70D0EE01B9B828E00D8A10D /* account.storyboard */,
			);
			name = "application ui";
			sourceTree = "<group>";
		};
/* End PBXGroup section */

/* Begin PBXNativeTarget section */
		B7B7DD3B1B95C68D00955D1F /* Kip Up */ = {
			isa = PBXNativeTarget;
			buildConfigurationList = B7B7DD621B95C68D00955D1F /* Build configuration list for PBXNativeTarget "Kip Up" */;
			buildPhases = (
				B7B7DD381B95C68D00955D1F /* Sources */,
				B7B7DD391B95C68D00955D1F /* Frameworks */,
				B7B7DD3A1B95C68D00955D1F /* Resources */,
			);
			buildRules = (
			);
			dependencies = (
			);
			name = "Kip Up";
			productName = "Kip Up";
			productReference = B7B7DD3C1B95C68D00955D1F /* Kip Up.app */;
			productType = "com.apple.product-type.application";
		};
		B7B7DD571B95C68D00955D1F /* Kip UpTests */ = {
			isa = PBXNativeTarget;
			buildConfigurationList = B7B7DD651B95C68D00955D1F /* Build configuration list for PBXNativeTarget "Kip UpTests" */;
			buildPhases = (
				B7B7DD541B95C68D00955D1F /* Sources */,
				B7B7DD551B95C68D00955D1F /* Frameworks */,
				B7B7DD561B95C68D00955D1F /* Resources */,
			);
			buildRules = (
			);
			dependencies = (
				B7B7DD5A1B95C68D00955D1F /* PBXTargetDependency */,
			);
			name = "Kip UpTests";
			productName = "Kip UpTests";
			productReference = B7B7DD581B95C68D00955D1F /* Kip UpTests.xctest */;
			productType = "com.apple.product-type.bundle.unit-test";
		};
/* End PBXNativeTarget section */

/* Begin PBXProject section */
		B7B7DD341B95C68D00955D1F /* Project object */ = {
			isa = PBXProject;
			attributes = {
				LastUpgradeCheck = 0640;
				ORGANIZATIONNAME = jmsr;
				TargetAttributes = {
					B7B7DD3B1B95C68D00955D1F = {
						CreatedOnToolsVersion = 6.4;
					};
					B7B7DD571B95C68D00955D1F = {
						CreatedOnToolsVersion = 6.4;
						TestTargetID = B7B7DD3B1B95C68D00955D1F;
					};
				};
			};
			buildConfigurationList = B7B7DD371B95C68D00955D1F /* Build configuration list for PBXProject "Kip Up" */;
			compatibilityVersion = "Xcode 3.2";
			developmentRegion = English;
			hasScannedForEncodings = 0;
			knownRegions = (
				en,
				Base,
			);
			mainGroup = B7B7DD331B95C68D00955D1F;
			productRefGroup = B7B7DD3D1B95C68D00955D1F /* Products */;
			projectDirPath = "";
			projectRoot = "";
			targets = (
				B7B7DD3B1B95C68D00955D1F /* Kip Up */,
				B7B7DD571B95C68D00955D1F /* Kip UpTests */,
			);
		};
/* End PBXProject section */

/* Begin PBXResourcesBuildPhase section */
		B7B7DD3A1B95C68D00955D1F /* Resources */ = {
			isa = PBXResourcesBuildPhase;
			buildActionMask = 2147483647;
			files = (
				B70D0ED81B9B76F900D8A10D /* Failure.png in Resources */,
				B7B7DD4E1B95C68D00955D1F /* Main.storyboard in Resources */,
				B7ADD63F1B96435C007496CF /* registratin.storyboard in Resources */,
				B70D0ED91B9B76F900D8A10D /* Failure@2x.png in Resources */,
				B745DF841B9BFA4C00C5EB76 /* request.storyboard in Resources */,
				B7BD6F941B98977E009C338E /* phonenumber.storyboard in Resources */,
				B7B7DD531B95C68D00955D1F /* LaunchScreen.xib in Resources */,
				B70D0ED51B9B725000D8A10D /* registration.xib in Resources */,
				B7B7DD501B95C68D00955D1F /* Images.xcassets in Resources */,
				B7BD6F961B989890009C338E /* confirm.storyboard in Resources */,
				39B2D4501B994694006DC508 /* klogo.png in Resources */,
				B70D0EE11B9B828E00D8A10D /* account.storyboard in Resources */,
				B70D0EDF1B9B79BC00D8A10D /* firends.storyboard in Resources */,
				B745DF861B9BFC8300C5EB76 /* menu.storyboard in Resources */,
			);
			runOnlyForDeploymentPostprocessing = 0;
		};
		B7B7DD561B95C68D00955D1F /* Resources */ = {
			isa = PBXResourcesBuildPhase;
			buildActionMask = 2147483647;
			files = (
			);
			runOnlyForDeploymentPostprocessing = 0;
		};
/* End PBXResourcesBuildPhase section */

/* Begin PBXSourcesBuildPhase section */
		B7B7DD381B95C68D00955D1F /* Sources */ = {
			isa = PBXSourcesBuildPhase;
			buildActionMask = 2147483647;
			files = (
				B7B7DD451B95C68D00955D1F /* AppDelegate.m in Sources */,
				B7B7DD481B95C68D00955D1F /* Kip_Up.xcdatamodeld in Sources */,
				B7B7DD4B1B95C68D00955D1F /* ViewController.m in Sources */,
				B7B7DD421B95C68D00955D1F /* main.m in Sources */,
			);
			runOnlyForDeploymentPostprocessing = 0;
		};
		B7B7DD541B95C68D00955D1F /* Sources */ = {
			isa = PBXSourcesBuildPhase;
			buildActionMask = 2147483647;
			files = (
				B7B7DD5F1B95C68D00955D1F /* Kip_UpTests.m in Sources */,
			);
			runOnlyForDeploymentPostprocessing = 0;
		};
/* End PBXSourcesBuildPhase section */

/* Begin PBXTargetDependency section */
		B7B7DD5A1B95C68D00955D1F /* PBXTargetDependency */ = {
			isa = PBXTargetDependency;
			target = B7B7DD3B1B95C68D00955D1F /* Kip Up */;
			targetProxy = B7B7DD591B95C68D00955D1F /* PBXContainerItemProxy */;
		};
/* End PBXTargetDependency section */

/* Begin PBXVariantGroup section */
		B7B7DD4C1B95C68D00955D1F /* Main.storyboard */ = {
			isa = PBXVariantGroup;
			children = (
				B7B7DD4D1B95C68D00955D1F /* Base */,
			);
			name = Main.storyboard;
			sourceTree = "<group>";
		};
		B7B7DD511B95C68D00955D1F /* LaunchScreen.xib */ = {
			isa = PBXVariantGroup;
			children = (
				B7B7DD521B95C68D00955D1F /* Base */,
			);
			name = LaunchScreen.xib;
			sourceTree = "<group>";
		};
/* End PBXVariantGroup section */

/* Begin XCBuildConfiguration section */
		B7B7DD601B95C68D00955D1F /* Debug */ = {
			isa = XCBuildConfiguration;
			buildSettings = {
				ALWAYS_SEARCH_USER_PATHS = NO;
				CLANG_CXX_LANGUAGE_STANDARD = "gnu++0x";
				CLANG_CXX_LIBRARY = "libc++";
				CLANG_ENABLE_MODULES = YES;
				CLANG_ENABLE_OBJC_ARC = YES;
				CLANG_WARN_BOOL_CONVERSION = YES;
				CLANG_WARN_CONSTANT_CONVERSION = YES;
				CLANG_WARN_DIRECT_OBJC_ISA_USAGE = YES_ERROR;
				CLANG_WARN_EMPTY_BODY = YES;
				CLANG_WARN_ENUM_CONVERSION = YES;
				CLANG_WARN_INT_CONVERSION = YES;
				CLANG_WARN_OBJC_ROOT_CLASS = YES_ERROR;
				CLANG_WARN_UNREACHABLE_CODE = YES;
				CLANG_WARN__DUPLICATE_METHOD_MATCH = YES;
				"CODE_SIGN_IDENTITY[sdk=iphoneos*]" = "iPhone Developer";
				COPY_PHASE_STRIP = NO;
				DEBUG_INFORMATION_FORMAT = "dwarf-with-dsym";
				ENABLE_STRICT_OBJC_MSGSEND = YES;
				GCC_C_LANGUAGE_STANDARD = gnu99;
				GCC_DYNAMIC_NO_PIC = NO;
				GCC_NO_COMMON_BLOCKS = YES;
				GCC_OPTIMIZATION_LEVEL = 0;
				GCC_PREPROCESSOR_DEFINITIONS = (
					"DEBUG=1",
					"$(inherited)",
				);
				GCC_SYMBOLS_PRIVATE_EXTERN = NO;
				GCC_WARN_64_TO_32_BIT_CONVERSION = YES;
				GCC_WARN_ABOUT_RETURN_TYPE = YES_ERROR;
				GCC_WARN_UNDECLARED_SELECTOR = YES;
				GCC_WARN_UNINITIALIZED_AUTOS = YES_AGGRESSIVE;
				GCC_WARN_UNUSED_FUNCTION = YES;
				GCC_WARN_UNUSED_VARIABLE = YES;
				IPHONEOS_DEPLOYMENT_TARGET = 8.4;
				MTL_ENABLE_DEBUG_INFO = YES;
				ONLY_ACTIVE_ARCH = YES;
				SDKROOT = iphoneos;
				TARGETED_DEVICE_FAMILY = "1,2";
			};
			name = Debug;
		};
		B7B7DD611B95C68D00955D1F /* Release */ = {
			isa = XCBuildConfiguration;
			buildSettings = {
				ALWAYS_SEARCH_USER_PATHS = NO;
				CLANG_CXX_LANGUAGE_STANDARD = "gnu++0x";
				CLANG_CXX_LIBRARY = "libc++";
				CLANG_ENABLE_MODULES = YES;
				CLANG_ENABLE_OBJC_ARC = YES;
				CLANG_WARN_BOOL_CONVERSION = YES;
				CLANG_WARN_CONSTANT_CONVERSION = YES;
				CLANG_WARN_DIRECT_OBJC_ISA_USAGE = YES_ERROR;
				CLANG_WARN_EMPTY_BODY = YES;
				CLANG_WARN_ENUM_CONVERSION = YES;
				CLANG_WARN_INT_CONVERSION = YES;
				CLANG_WARN_OBJC_ROOT_CLASS = YES_ERROR;
				CLANG_WARN_UNREACHABLE_CODE = YES;
				CLANG_WARN__DUPLICATE_METHOD_MATCH = YES;
				"CODE_SIGN_IDENTITY[sdk=iphoneos*]" = "iPhone Developer";
				COPY_PHASE_STRIP = NO;
				DEBUG_INFORMATION_FORMAT = "dwarf-with-dsym";
				ENABLE_NS_ASSERTIONS = NO;
				ENABLE_STRICT_OBJC_MSGSEND = YES;
				GCC_C_LANGUAGE_STANDARD = gnu99;
				GCC_NO_COMMON_BLOCKS = YES;
				GCC_WARN_64_TO_32_BIT_CONVERSION = YES;
				GCC_WARN_ABOUT_RETURN_TYPE = YES_ERROR;
				GCC_WARN_UNDECLARED_SELECTOR = YES;
				GCC_WARN_UNINITIALIZED_AUTOS = YES_AGGRESSIVE;
				GCC_WARN_UNUSED_FUNCTION = YES;
				GCC_WARN_UNUSED_VARIABLE = YES;
				IPHONEOS_DEPLOYMENT_TARGET = 8.4;
				MTL_ENABLE_DEBUG_INFO = NO;
				SDKROOT = iphoneos;
				TARGETED_DEVICE_FAMILY = "1,2";
				VALIDATE_PRODUCT = YES;
			};
			name = Release;
		};
		B7B7DD631B95C68D00955D1F /* Debug */ = {
			isa = XCBuildConfiguration;
			buildSettings = {
				ASSETCATALOG_COMPILER_APPICON_NAME = AppIcon;
				INFOPLIST_FILE = "Kip Up/Info.plist";
				LD_RUNPATH_SEARCH_PATHS = "$(inherited) @executable_path/Frameworks";
				PRODUCT_NAME = "$(TARGET_NAME)";
			};
			name = Debug;
		};
		B7B7DD641B95C68D00955D1F /* Release */ = {
			isa = XCBuildConfiguration;
			buildSettings = {
				ASSETCATALOG_COMPILER_APPICON_NAME = AppIcon;
				INFOPLIST_FILE = "Kip Up/Info.plist";
				LD_RUNPATH_SEARCH_PATHS = "$(inherited) @executable_path/Frameworks";
				PRODUCT_NAME = "$(TARGET_NAME)";
			};
			name = Release;
		};
		B7B7DD661B95C68D00955D1F /* Debug */ = {
			isa = XCBuildConfiguration;
			buildSettings = {
				BUNDLE_LOADER = "$(TEST_HOST)";
				FRAMEWORK_SEARCH_PATHS = (
					"$(SDKROOT)/Developer/Library/Frameworks",
					"$(inherited)",
				);
				GCC_PREPROCESSOR_DEFINITIONS = (
					"DEBUG=1",
					"$(inherited)",
				);
				INFOPLIST_FILE = "Kip UpTests/Info.plist";
				LD_RUNPATH_SEARCH_PATHS = "$(inherited) @executable_path/Frameworks @loader_path/Frameworks";
				PRODUCT_NAME = "$(TARGET_NAME)";
				TEST_HOST = "$(BUILT_PRODUCTS_DIR)/Kip Up.app/Kip Up";
			};
			name = Debug;
		};
		B7B7DD671B95C68D00955D1F /* Release */ = {
			isa = XCBuildConfiguration;
			buildSettings = {
				BUNDLE_LOADER = "$(TEST_HOST)";
				FRAMEWORK_SEARCH_PATHS = (
					"$(SDKROOT)/Developer/Library/Frameworks",
					"$(inherited)",
				);
				INFOPLIST_FILE = "Kip UpTests/Info.plist";
				LD_RUNPATH_SEARCH_PATHS = "$(inherited) @executable_path/Frameworks @loader_path/Frameworks";
				PRODUCT_NAME = "$(TARGET_NAME)";
				TEST_HOST = "$(BUILT_PRODUCTS_DIR)/Kip Up.app/Kip Up";
			};
			name = Release;
		};
/* End XCBuildConfiguration section */

/* Begin XCConfigurationList section */
		B7B7DD371B95C68D00955D1F /* Build configuration list for PBXProject "Kip Up" */ = {
			isa = XCConfigurationList;
			buildConfigurations = (
				B7B7DD601B95C68D00955D1F /* Debug */,
				B7B7DD611B95C68D00955D1F /* Release */,
			);
			defaultConfigurationIsVisible = 0;
			defaultConfigurationName = Release;
		};
		B7B7DD621B95C68D00955D1F /* Build configuration list for PBXNativeTarget "Kip Up" */ = {
			isa = XCConfigurationList;
			buildConfigurations = (
				B7B7DD631B95C68D00955D1F /* Debug */,
				B7B7DD641B95C68D00955D1F /* Release */,
			);
			defaultConfigurationIsVisible = 0;
			defaultConfigurationName = Release;
		};
		B7B7DD651B95C68D00955D1F /* Build configuration list for PBXNativeTarget "Kip UpTests" */ = {
			isa = XCConfigurationList;
			buildConfigurations = (
				B7B7DD661B95C68D00955D1F /* Debug */,
				B7B7DD671B95C68D00955D1F /* Release */,
			);
			defaultConfigurationIsVisible = 0;
			defaultConfigurationName = Release;
		};
/* End XCConfigurationList section */

/* Begin XCVersionGroup section */
		B7B7DD461B95C68D00955D1F /* Kip_Up.xcdatamodeld */ = {
			isa = XCVersionGroup;
			children = (
				B7B7DD471B95C68D00955D1F /* Kip_Up.xcdatamodel */,
			);
			currentVersion = B7B7DD471B95C68D00955D1F /* Kip_Up.xcdatamodel */;
			path = Kip_Up.xcdatamodeld;
			sourceTree = "<group>";
			versionGroupType = wrapper.xcdatamodel;
		};
/* End XCVersionGroup section */
	};
	rootObject = B7B7DD341B95C68D00955D1F /* Project object */;
}
